
Microsoft Visual Studio Solution File, Format Version 12.00
# Visual Studio 15
VisualStudioVersion = 15.0.27428.2015
MinimumVisualStudioVersion = 10.0.40219.1
Project("{FAE04EC0-301F-11D3-BF4B-00C04F79EFBC}") = "AutofacExample", "AutofacExample\AutofacExample.csproj", "{6710BED4-457C-4351-A2F8-F4AD7AF33C84}"
EndProject
Project("{FAE04EC0-301F-11D3-BF4B-00C04F79EFBC}") = "AutofacExample.Tests", "AutofacExample.Tests\AutofacExample.Tests.csproj", "{E604C707-4E22-413E-8A94-3DD4E015F6AE}"
EndProject
Global
	GlobalSection(SolutionConfigurationPlatforms) = preSolution
		Debug|Any CPU = Debug|Any CPU
		Release|Any CPU = Release|Any CPU
	EndGlobalSection
	GlobalSection(ProjectConfigurationPlatforms) = postSolution
		{6710BED4-457C-4351-A2F8-F4AD7AF33C84}.Debug|Any CPU.ActiveCfg = Debug|Any CPU
		{6710BED4-457C-4351-A2F8-F4AD7AF33C84}.Debug|Any CPU.Build.0 = Debug|Any CPU
		{6710BED4-457C-4351-A2F8-F4AD7AF33C84}.Release|Any CPU.ActiveCfg = Release|Any CPU
		{6710BED4-457C-4351-A2F8-F4AD7AF33C84}.Release|Any CPU.Build.0 = Release|Any CPU
		{E604C707-4E22-413E-8A94-3DD4E015F6AE}.Debug|Any CPU.ActiveCfg = Debug|Any CPU
		{E604C707-4E22-413E-8A94-3DD4E015F6AE}.Debug|Any CPU.Build.0 = Debug|Any CPU
		{E604C707-4E22-413E-8A94-3DD4E015F6AE}.Release|Any CPU.ActiveCfg = Release|Any CPU
		{E604C707-4E22-413E-8A94-3DD4E015F6AE}.Release|Any CPU.Build.0 = Release|Any CPU
	EndGlobalSection
	GlobalSection(SolutionProperties) = preSolution
		HideSolutionNode = FALSE
	EndGlobalSection
	GlobalSection(ExtensibilityGlobals) = postSolution
		SolutionGuid = {4323A361-2BFE-47E9-A35F-F39786C36702}
	EndGlobalSection
EndGlobal
